// !$*UTF8*$!
{
	archiveVersion = 1;
	classes = {
	};
	objectVersion = 46;
	objects = {

/* Begin PBXBuildFile section */
		97F4515D1CF03CF10094B76C /* main.m in Sources */ = {isa = PBXBuildFile; fileRef = 97F4515C1CF03CF10094B76C /* main.m */; };
		97F451601CF03CF10094B76C /* AppDelegate.m in Sources */ = {isa = PBXBuildFile; fileRef = 97F4515F1CF03CF10094B76C /* AppDelegate.m */; };
		97F451631CF03CF10094B76C /* ViewController.m in Sources */ = {isa = PBXBuildFile; fileRef = 97F451621CF03CF10094B76C /* ViewController.m */; };
		97F451661CF03CF10094B76C /* Main.storyboard in Resources */ = {isa = PBXBuildFile; fileRef = 97F451641CF03CF10094B76C /* Main.storyboard */; };
		97F451681CF03CF10094B76C /* Assets.xcassets in Resources */ = {isa = PBXBuildFile; fileRef = 97F451671CF03CF10094B76C /* Assets.xcassets */; };
		97F4516B1CF03CF10094B76C /* LaunchScreen.storyboard in Resources */ = {isa = PBXBuildFile; fileRef = 97F451691CF03CF10094B76C /* LaunchScreen.storyboard */; };
		97F451741CF03D400094B76C /* CycleLayout.m in Sources */ = {isa = PBXBuildFile; fileRef = 97F451731CF03D400094B76C /* CycleLayout.m */; };
		97F451781CF03DAB0094B76C /* KVCollectionViewCell.m in Sources */ = {isa = PBXBuildFile; fileRef = 97F451761CF03DAB0094B76C /* KVCollectionViewCell.m */; };
		97F451791CF03DAB0094B76C /* KVCollectionViewCell.xib in Resources */ = {isa = PBXBuildFile; fileRef = 97F451771CF03DAB0094B76C /* KVCollectionViewCell.xib */; };
		97F4517C1CF04A800094B76C /* StackLayout.m in Sources */ = {isa = PBXBuildFile; fileRef = 97F4517B1CF04A800094B76C /* StackLayout.m */; };
/* End PBXBuildFile section */

/* Begin PBXFileReference section */
		97F451581CF03CF10094B76C /* CycleLayout.app */ = {isa = PBXFileReference; explicitFileType = wrapper.application; includeInIndex = 0; path = CycleLayout.app; sourceTree = BUILT_PRODUCTS_DIR; };
		97F4515C1CF03CF10094B76C /* main.m */ = {isa = PBXFileReference; lastKnownFileType = sourcecode.c.objc; path = main.m; sourceTree = "<group>"; };
		97F4515E1CF03CF10094B76C /* AppDelegate.h */ = {isa = PBXFileReference; lastKnownFileType = sourcecode.c.h; path = AppDelegate.h; sourceTree = "<group>"; };
		97F4515F1CF03CF10094B76C /* AppDelegate.m */ = {isa = PBXFileReference; lastKnownFileType = sourcecode.c.objc; path = AppDelegate.m; sourceTree = "<group>"; };
		97F451611CF03CF10094B76C /* ViewController.h */ = {isa = PBXFileReference; lastKnownFileType = sourcecode.c.h; path = ViewController.h; sourceTree = "<group>"; };
		97F451621CF03CF10094B76C /* ViewController.m */ = {isa = PBXFileReference; lastKnownFileType = sourcecode.c.objc; path = ViewController.m; sourceTree = "<group>"; };
		97F451651CF03CF10094B76C /* Base */ = {isa = PBXFileReference; lastKnownFileType = file.storyboard; name = Base; path = Base.lproj/Main.storyboard; sourceTree = "<group>"; };
		97F451671CF03CF10094B76C /* Assets.xcassets */ = {isa = PBXFileReference; lastKnownFileType = folder.assetcatalog; path = Assets.xcassets; sourceTree = "<group>"; };
		97F4516A1CF03CF10094B76C /* Base */ = {isa = PBXFileReference; lastKnownFileType = file.storyboard; name = Base; path = Base.lproj/LaunchScreen.storyboard; sourceTree = "<group>"; };
		97F4516C1CF03CF10094B76C /* Info.plist */ = {isa = PBXFileReference; lastKnownFileType = text.plist.xml; path = Info.plist; sourceTree = "<group>"; };
		97F451721CF03D400094B76C /* CycleLayout.h */ = {isa = PBXFileReference; fileEncoding = 4; lastKnownFileType = sourcecode.c.h; path = CycleLayout.h; sourceTree = "<group>"; };
		97F451731CF03D400094B76C /* CycleLayout.m */ = {isa = PBXFileReference; fileEncoding = 4; lastKnownFileType = sourcecode.c.objc; path = CycleLayout.m; sourceTree = "<group>"; };
		97F451751CF03DAB0094B76C /* KVCollectionViewCell.h */ = {isa = PBXFileReference; fileEncoding = 4; lastKnownFileType = sourcecode.c.h; path = KVCollectionViewCell.h; sourceTree = "<group>"; };
		97F451761CF03DAB0094B76C /* KVCollectionViewCell.m */ = {isa = PBXFileReference; fileEncoding = 4; lastKnownFileType = sourcecode.c.objc; path = KVCollectionViewCell.m; sourceTree = "<group>"; };
		97F451771CF03DAB0094B76C /* KVCollectionViewCell.xib */ = {isa = PBXFileReference; fileEncoding = 4; lastKnownFileType = file.xib; path = KVCollectionViewCell.xib; sourceTree = "<group>"; };
		97F4517A1CF04A800094B76C /* StackLayout.h */ = {isa = PBXFileReference; fileEncoding = 4; lastKnownFileType = sourcecode.c.h; path = StackLayout.h; sourceTree = "<group>"; };
		97F4517B1CF04A800094B76C /* StackLayout.m */ = {isa = PBXFileReference; fileEncoding = 4; lastKnownFileType = sourcecode.c.objc; path = StackLayout.m; sourceTree = "<group>"; };
/* End PBXFileReference section */

/* Begin PBXFrameworksBuildPhase section */
		97F451551CF03CF10094B76C /* Frameworks */ = {
			isa = PBXFrameworksBuildPhase;
			buildActionMask = 2147483647;
			files = (
			);
			runOnlyForDeploymentPostprocessing = 0;
		};
/* End PBXFrameworksBuildPhase section */

/* Begin PBXGroup section */
		97F4514F1CF03CF10094B76C = {
			isa = PBXGroup;
			children = (
				97F4515A1CF03CF10094B76C /* CycleLayout */,
				97F451591CF03CF10094B76C /* Products */,
			);
			sourceTree = "<group>";
		};
		97F451591CF03CF10094B76C /* Products */ = {
			isa = PBXGroup;
			children = (
				97F451581CF03CF10094B76C /* CycleLayout.app */,
			);
			name = Products;
			sourceTree = "<group>";
		};
		97F4515A1CF03CF10094B76C /* CycleLayout */ = {
			isa = PBXGroup;
			children = (
				97F4515E1CF03CF10094B76C /* AppDelegate.h */,
				97F4515F1CF03CF10094B76C /* AppDelegate.m */,
				97F451611CF03CF10094B76C /* ViewController.h */,
				97F451621CF03CF10094B76C /* ViewController.m */,
				97F451721CF03D400094B76C /* CycleLayout.h */,
				97F451731CF03D400094B76C /* CycleLayout.m */,
				97F4517A1CF04A800094B76C /* StackLayout.h */,
				97F4517B1CF04A800094B76C /* StackLayout.m */,
				97F451751CF03DAB0094B76C /* KVCollectionViewCell.h */,
				97F451761CF03DAB0094B76C /* KVCollectionViewCell.m */,
				97F451771CF03DAB0094B76C /* KVCollectionViewCell.xib */,
				97F451641CF03CF10094B76C /* Main.storyboard */,
				97F451671CF03CF10094B76C /* Assets.xcassets */,
				97F451691CF03CF10094B76C /* LaunchScreen.storyboard */,
				97F4516C1CF03CF10094B76C /* Info.plist */,
				97F4515B1CF03CF10094B76C /* Supporting Files */,
			);
			path = CycleLayout;
			sourceTree = "<group>";
		};
		97F4515B1CF03CF10094B76C /* Supporting Files */ = {
			isa = PBXGroup;
			children = (
				97F4515C1CF03CF10094B76C /* main.m */,
			);
			name = "Supporting Files";
			sourceTree = "<group>";
		};
/* End PBXGroup section */

/* Begin PBXNativeTarget section */
		97F451571CF03CF10094B76C /* CycleLayout */ = {
			isa = PBXNativeTarget;
			buildConfigurationList = 97F4516F1CF03CF10094B76C /* Build configuration list for PBXNativeTarget "CycleLayout" */;
			buildPhases = (
				97F451541CF03CF10094B76C /* Sources */,
				97F451551CF03CF10094B76C /* Frameworks */,
				97F451561CF03CF10094B76C /* Resources */,
			);
			buildRules = (
			);
			dependencies = (
			);
			name = CycleLayout;
			productName = CycleLayout;
			productReference = 97F451581CF03CF10094B76C /* CycleLayout.app */;
			productType = "com.apple.product-type.application";
		};
/* End PBXNativeTarget section */

/* Begin PBXProject section */
		97F451501CF03CF10094B76C /* Project object */ = {
			isa = PBXProject;
			attributes = {
				LastUpgradeCheck = 0720;
				ORGANIZATIONNAME = "孔伟";
				TargetAttributes = {
					97F451571CF03CF10094B76C = {
						CreatedOnToolsVersion = 7.2.1;
						DevelopmentTeam = MFGRUG7G6G;
					};
				};
			};
			buildConfigurationList = 97F451531CF03CF10094B76C /* Build configuration list for PBXProject "CycleLayout" */;
			compatibilityVersion = "Xcode 3.2";
			developmentRegion = English;
			hasScannedForEncodings = 0;
			knownRegions = (
				en,
				Base,
			);
			mainGroup = 97F4514F1CF03CF10094B76C;
			productRefGroup = 97F451591CF03CF10094B76C /* Products */;
			projectDirPath = "";
			projectRoot = "";
			targets = (
				97F451571CF03CF10094B76C /* CycleLayout */,
			);
		};
/* End PBXProject section */

/* Begin PBXResourcesBuildPhase section */
		97F451561CF03CF10094B76C /* Resources */ = {
			isa = PBXResourcesBuildPhase;
			buildActionMask = 2147483647;
			files = (
				97F4516B1CF03CF10094B76C /* LaunchScreen.storyboard in Resources */,
				97F451791CF03DAB0094B76C /* KVCollectionViewCell.xib in Resources */,
				97F451681CF03CF10094B76C /* Assets.xcassets in Resources */,
				97F451661CF03CF10094B76C /* Main.storyboard in Resources */,
			);
			runOnlyForDeploymentPostprocessing = 0;
		};
/* End PBXResourcesBuildPhase section */

/* Begin PBXSourcesBuildPhase section */
		97F451541CF03CF10094B76C /* Sources */ = {
			isa = PBXSourcesBuildPhase;
			buildActionMask = 2147483647;
			files = (
				97F451631CF03CF10094B76C /* ViewController.m in Sources */,
				97F451601CF03CF10094B76C /* AppDelegate.m in Sources */,
				97F451741CF03D400094B76C /* CycleLayout.m in Sources */,
				97F451781CF03DAB0094B76C /* KVCollectionViewCell.m in Sources */,
				97F4517C1CF04A800094B76C /* StackLayout.m in Sources */,
				97F4515D1CF03CF10094B76C /* main.m in Sources */,
			);
			runOnlyForDeploymentPostprocessing = 0;
		};
/* End PBXSourcesBuildPhase section */

/* Begin PBXVariantGroup section */
		97F451641CF03CF10094B76C /* Main.storyboard */ = {
			isa = PBXVariantGroup;
			children = (
				97F451651CF03CF10094B76C /* Base */,
			);
			name = Main.storyboard;
			sourceTree = "<group>";
		};
		97F451691CF03CF10094B76C /* LaunchScreen.storyboard */ = {
			isa = PBXVariantGroup;
			children = (
				97F4516A1CF03CF10094B76C /* Base */,
			);
			name = LaunchScreen.storyboard;
			sourceTree = "<group>";
		};
/* End PBXVariantGroup section */

/* Begin XCBuildConfiguration section */
		97F4516D1CF03CF10094B76C /* Debug */ = {
			isa = XCBuildConfiguration;
			buildSettings = {
				ALWAYS_SEARCH_USER_PATHS = NO;
				CLANG_CXX_LANGUAGE_STANDARD = "gnu++0x";
				CLANG_CXX_LIBRARY = "libc++";
				CLANG_ENABLE_MODULES = YES;
				CLANG_ENABLE_OBJC_ARC = YES;
				CLANG_WARN_BOOL_CONVERSION = YES;
				CLANG_WARN_CONSTANT_CONVERSION = YES;
				CLANG_WARN_DIRECT_OBJC_ISA_USAGE = YES_ERROR;
				CLANG_WARN_EMPTY_BODY = YES;
				CLANG_WARN_ENUM_CONVERSION = YES;
				CLANG_WARN_INT_CONVERSION = YES;
				CLANG_WARN_OBJC_ROOT_CLASS = YES_ERROR;
				CLANG_WARN_UNREACHABLE_CODE = YES;
				CLANG_WARN__DUPLICATE_METHOD_MATCH = YES;
				"CODE_SIGN_IDENTITY[sdk=iphoneos*]" = "iPhone Developer";
				COPY_PHASE_STRIP = NO;
				DEBUG_INFORMATION_FORMAT = dwarf;
				ENABLE_STRICT_OBJC_MSGSEND = YES;
				ENABLE_TESTABILITY = YES;
				GCC_C_LANGUAGE_STANDARD = gnu99;
				GCC_DYNAMIC_NO_PIC = NO;
				GCC_NO_COMMON_BLOCKS = YES;
				GCC_OPTIMIZATION_LEVEL = 0;
				GCC_PREPROCESSOR_DEFINITIONS = (
					"DEBUG=1",
					"$(inherited)",
				);
				GCC_WARN_64_TO_32_BIT_CONVERSION = YES;
				GCC_WARN_ABOUT_RETURN_TYPE = YES_ERROR;
				GCC_WARN_UNDECLARED_SELECTOR = YES;
				GCC_WARN_UNINITIALIZED_AUTOS = YES_AGGRESSIVE;
				GCC_WARN_UNUSED_FUNCTION = YES;
				GCC_WARN_UNUSED_VARIABLE = YES;
				IPHONEOS_DEPLOYMENT_TARGET = 9.2;
				MTL_ENABLE_DEBUG_INFO = YES;
				ONLY_ACTIVE_ARCH = YES;
				SDKROOT = iphoneos;
			};
			name = Debug;
		};
		97F4516E1CF03CF10094B76C /* Release */ = {
			isa = XCBuildConfiguration;
			buildSettings = {
				ALWAYS_SEARCH_USER_PATHS = NO;
				CLANG_CXX_LANGUAGE_STANDARD = "gnu++0x";
				CLANG_CXX_LIBRARY = "libc++";
				CLANG_ENABLE_MODULES = YES;
				CLANG_ENABLE_OBJC_ARC = YES;
				CLANG_WARN_BOOL_CONVERSION = YES;
				CLANG_WARN_CONSTANT_CONVERSION = YES;
				CLANG_WARN_DIRECT_OBJC_ISA_USAGE = YES_ERROR;
				CLANG_WARN_EMPTY_BODY = YES;
				CLANG_WARN_ENUM_CONVERSION = YES;
				CLANG_WARN_INT_CONVERSION = YES;
				CLANG_WARN_OBJC_ROOT_CLASS = YES_ERROR;
				CLANG_WARN_UNREACHABLE_CODE = YES;
				CLANG_WARN__DUPLICATE_METHOD_MATCH = YES;
				"CODE_SIGN_IDENTITY[sdk=iphoneos*]" = "iPhone Developer";
				COPY_PHASE_STRIP = NO;
				DEBUG_INFORMATION_FORMAT = "dwarf-with-dsym";
				ENABLE_NS_ASSERTIONS = NO;
				ENABLE_STRICT_OBJC_MSGSEND = YES;
				GCC_C_LANGUAGE_STANDARD = gnu99;
				GCC_NO_COMMON_BLOCKS = YES;
				GCC_WARN_64_TO_32_BIT_CONVERSION = YES;
				GCC_WARN_ABOUT_RETURN_TYPE = YES_ERROR;
				GCC_WARN_UNDECLARED_SELECTOR = YES;
				GCC_WARN_UNINITIALIZED_AUTOS = YES_AGGRESSIVE;
				GCC_WARN_UNUSED_FUNCTION = YES;
				GCC_WARN_UNUSED_VARIABLE = YES;
				IPHONEOS_DEPLOYMENT_TARGET = 9.2;
				MTL_ENABLE_DEBUG_INFO = NO;
				SDKROOT = iphoneos;
				VALIDATE_PRODUCT = YES;
			};
			name = Release;
		};
		97F451701CF03CF10094B76C /* Debug */ = {
			isa = XCBuildConfiguration;
			buildSettings = {
				ASSETCATALOG_COMPILER_APPICON_NAME = AppIcon;
				INFOPLIST_FILE = CycleLayout/Info.plist;
				IPHONEOS_DEPLOYMENT_TARGET = 8.0;
				LD_RUNPATH_SEARCH_PATHS = "$(inherited) @executable_path/Frameworks";
				PRODUCT_BUNDLE_IDENTIFIER = org.mobiletrain.CycleLayout;
				PRODUCT_NAME = "$(TARGET_NAME)";
			};
			name = Debug;
		};
		97F451711CF03CF10094B76C /* Release */ = {
			isa = XCBuildConfiguration;
			buildSettings = {
				ASSETCATALOG_COMPILER_APPICON_NAME = AppIcon;
				INFOPLIST_FILE = CycleLayout/Info.plist;
				IPHONEOS_DEPLOYMENT_TARGET = 8.0;
				LD_RUNPATH_SEARCH_PATHS = "$(inherited) @executable_path/Frameworks";
				PRODUCT_BUNDLE_IDENTIFIER = org.mobiletrain.CycleLayout;
				PRODUCT_NAME = "$(TARGET_NAME)";
			};
			name = Release;
		};
/* End XCBuildConfiguration section */

/* Begin XCConfigurationList section */
		97F451531CF03CF10094B76C /* Build configuration list for PBXProject "CycleLayout" */ = {
			isa = XCConfigurationList;
			buildConfigurations = (
				97F4516D1CF03CF10094B76C /* Debug */,
				97F4516E1CF03CF10094B76C /* Release */,
			);
			defaultConfigurationIsVisible = 0;
			defaultConfigurationName = Release;
		};
		97F4516F1CF03CF10094B76C /* Build configuration list for PBXNativeTarget "CycleLayout" */ = {
			isa = XCConfigurationList;
			buildConfigurations = (
				97F451701CF03CF10094B76C /* Debug */,
				97F451711CF03CF10094B76C /* Release */,
			);
			defaultConfigurationIsVisible = 0;
			defaultConfigurationName = Release;
		};
/* End XCConfigurationList section */
	};
	rootObject = 97F451501CF03CF10094B76C /* Project object */;
}
